{
	"name": "kosko",
	"version": "1.0.2",
	"lockfileVersion": 1,
	"requires": true,
	"dependencies": {
		"find-up": {
			"version": "4.1.0",
			"resolved": "https://registry.npmjs.org/find-up/-/find-up-4.1.0.tgz",
			"integrity": "sha512-PpOwAdQ/YlXQ2vj8a3h8IipDuYRi3wceVQQGYWxNINccq40Anw7BlsEXCMbt1Zt+OLA6Fq9suIpIWD0OsnISlw==",
			"requires": {
				"locate-path": "^5.0.0",
				"path-exists": "^4.0.0"
			}
		},
		"import-local": {
			"version": "3.0.2",
			"resolved": "https://registry.npmjs.org/import-local/-/import-local-3.0.2.tgz",
			"integrity": "sha512-vjL3+w0oulAVZ0hBHnxa/Nm5TAurf9YLQJDhqRZyqb+VKGOB6LU8t9H1Nr5CIo16vh9XfJTOoHwU0B71S557gA==",
			"requires": {
				"pkg-dir": "^4.2.0",
				"resolve-cwd": "^3.0.0"
			}
		},
		"locate-path": {
			"version": "5.0.0",
			"resolved": "https://registry.npmjs.org/locate-path/-/locate-path-5.0.0.tgz",
			"integrity": "sha512-t7hw9pI+WvuwNJXwk5zVHpyhIqzg2qTlklJOf0mVxGSbe3Fp2VieZcduNYjaLDoy6p9uGpQEGWG87WpMKlNq8g==",
			"requires": {
				"p-locate": "^4.1.0"
			}
		},
		"p-limit": {
			"version": "2.3.0",
			"resolved": "https://registry.npmjs.org/p-limit/-/p-limit-2.3.0.tgz",
			"integrity": "sha512-//88mFWSJx8lxCzwdAABTJL2MyWB12+eIY7MDL2SqLmAkeKU9qxRvWuSyTjm3FUmpBEMuFfckAIqEaVGUDxb6w==",
			"requires": {
				"p-try": "^2.0.0"
			}
		},
		"p-locate": {
			"version": "4.1.0",
			"resolved": "https://registry.npmjs.org/p-locate/-/p-locate-4.1.0.tgz",
			"integrity": "sha512-R79ZZ/0wAxKGu3oYMlz8jy/kbhsNrS7SKZ7PxEHBgJ5+F2mtFW2fK2cOtBh1cHYkQsbzFV7I+EoRKe6Yt0oK7A==",
			"requires": {
				"p-limit": "^2.2.0"
			}
		},
		"p-try": {
			"version": "2.2.0",
			"resolved": "https://registry.npmjs.org/p-try/-/p-try-2.2.0.tgz",
			"integrity": "sha512-R4nPAVTAU0B9D35/Gk3uJf/7XYbQcyohSKdvAxIRSNghFl4e71hVoGnBNQz9cWaXxO2I10KTC+3jMdvvoKw6dQ=="
		},
		"path-exists": {
			"version": "4.0.0",
			"resolved": "https://registry.npmjs.org/path-exists/-/path-exists-4.0.0.tgz",
			"integrity": "sha512-ak9Qy5Q7jYb2Wwcey5Fpvg2KoAc/ZIhLSLOSBmRmygPsGwkVVt0fZa0qrtMz+m6tJTAHfZQ8FnmB4MG4LWy7/w=="
		},
		"pkg-dir": {
			"version": "4.2.0",
			"resolved": "https://registry.npmjs.org/pkg-dir/-/pkg-dir-4.2.0.tgz",
			"integrity": "sha512-HRDzbaKjC+AOWVXxAU/x54COGeIv9eb+6CkDSQoNTt4XyWoIJvuPsXizxu/Fr23EiekbtZwmh1IcIG/l/a10GQ==",
			"requires": {
				"find-up": "^4.0.0"
			}
		},
		"resolve-cwd": {
			"version": "3.0.0",
			"resolved": "https://registry.npmjs.org/resolve-cwd/-/resolve-cwd-3.0.0.tgz",
			"integrity": "sha512-OrZaX2Mb+rJCpH/6CpSqt9xFVpN++x01XnN2ie9g6P5/3xelLAkXWVADpdz1IHD/KFfEXyE6V0U01OQ3UO2rEg==",
			"requires": {
				"resolve-from": "^5.0.0"
			}
		},
		"resolve-from": {
			"version": "5.0.0",
			"resolved": "https://registry.npmjs.org/resolve-from/-/resolve-from-5.0.0.tgz",
			"integrity": "sha512-qYg9KP24dD5qka9J47d0aVky0N+b4fTU89LN9iDnjB5waksiC49rvMB0PrUJQGoTmH50XPiqOvAjDfaijGxYZw=="
		}
	}
}
