{
	"requires": true,
	"lockfileVersion": 1,
	"dependencies": {
		"@kosko/env": {
			"version": "0.3.0",
			"resolved": "https://registry.npmjs.org/@kosko/env/-/env-0.3.0.tgz",
			"integrity": "sha512-YPp01GEUSSV7fWUymmKoPAjHH48KWWk1uh+PXi+PIpmuKjcW1njJzyb9OUZkQjWEqVYISqFUK7SDmYrSF7Q2yw==",
			"requires": {
				"@kosko/require": "^0.1.6",
				"debug": "^4.1.1",
				"tslib": "^1.9.3"
			}
		},
		"@kosko/require": {
			"version": "0.1.6",
			"resolved": "https://registry.npmjs.org/@kosko/require/-/require-0.1.6.tgz",
			"integrity": "sha512-uarjMwFLbi/k4Xtd2MVD611jb58j03mKpaTgN3EmXfjyEt0SN2lzay+G8VhJRiRixaPu/+OkzwuVnsDAEqTyBQ==",
			"requires": {
				"resolve": "^1.9.0"
			}
		},
		"debug": {
			"version": "4.1.1",
			"resolved": "https://registry.npmjs.org/debug/-/debug-4.1.1.tgz",
			"integrity": "sha512-pYAIzeRo8J6KPEaJ0VWOh5Pzkbw/RetuzehGM7QRRX5he4fPHx2rdKMB256ehJCkX+XRQm16eZLqLNS8RSZXZw==",
			"requires": {
				"ms": "^2.1.1"
			}
		},
		"kubernetes-models": {
			"version": "0.2.3",
			"resolved": "https://registry.npmjs.org/kubernetes-models/-/kubernetes-models-0.2.3.tgz",
			"integrity": "sha512-T1ZlyGjv/G83OaNYy/xzePhkuMRHDYNOj6dYmkLJykfizCdKo6dEz1Sa92xALls9d6YkXebQX6Ng4KJEFH/QKA==",
			"requires": {
				"tslib": "^1.9.3"
			}
		},
		"ms": {
			"version": "2.1.1",
			"resolved": "https://registry.npmjs.org/ms/-/ms-2.1.1.tgz",
			"integrity": "sha512-tgp+dl5cGk28utYktBsrFqA7HKgrhgPsg6Z/EfhWI4gl1Hwq8B/GmY/0oXZ6nF8hDVesS/FpnYaD/kOWhYQvyg=="
		},
		"path-parse": {
			"version": "1.0.6",
			"resolved": "https://registry.npmjs.org/path-parse/-/path-parse-1.0.6.tgz",
			"integrity": "sha512-GSmOT2EbHrINBf9SR7CDELwlJ8AENk3Qn7OikK4nFYAu3Ote2+JYNVvkpAEQm3/TLNEJFD/xZJjzyxg3KBWOzw=="
		},
		"resolve": {
			"version": "1.9.0",
			"resolved": "https://registry.npmjs.org/resolve/-/resolve-1.9.0.tgz",
			"integrity": "sha512-TZNye00tI67lwYvzxCxHGjwTNlUV70io54/Ed4j6PscB8xVfuBJpRenI/o6dVk0cY0PYTY27AgCoGGxRnYuItQ==",
			"requires": {
				"path-parse": "^1.0.6"
			}
		},
		"tslib": {
			"version": "1.9.3",
			"resolved": "https://registry.npmjs.org/tslib/-/tslib-1.9.3.tgz",
			"integrity": "sha512-4krF8scpejhaOgqzBEcGM7yDIEfi0/8+8zDRZhNZZ2kjmHJ4hv3zCbQWxoJGz1iw5U0Jl0nma13xzHXcncMavQ=="
		}
	}
}
