{
	"requires": true,
	"lockfileVersion": 1,
	"dependencies": {
		"@kosko/template-deployed-service": {
			"version": "0.1.2",
			"resolved": "https://registry.npmjs.org/@kosko/template-deployed-service/-/template-deployed-service-0.1.2.tgz",
			"integrity": "sha512-MjDppfwWoorRgX4oHTp3KrlsJsrjxrcawvlh2fDe0nEGgDyVIiubh64PNL5d20G6zW5PBxlAfBlgVHcIK1P/cw==",
			"requires": {
				"tslib": "^1.9.3"
			}
		},
		"@kosko/template-environment": {
			"version": "0.1.2",
			"resolved": "https://registry.npmjs.org/@kosko/template-environment/-/template-environment-0.1.2.tgz",
			"integrity": "sha512-WZvhZ24d9vYeNcwNspCm3mkIuXcUSIf8maU6nNPG0BF0UF/g5xmviYyjV9MeCVaRhGQsoDxOr0VsO0qRML70Bw==",
			"requires": {
				"tslib": "^1.9.3"
			}
		},
		"kubernetes-models": {
			"version": "0.2.2",
			"resolved": "https://registry.npmjs.org/kubernetes-models/-/kubernetes-models-0.2.2.tgz",
			"integrity": "sha512-cjvp79t45uG44mnScDG2CBhgDre2Tv4i/HMkBChGE7CyeHok1B+pxg2TnyIKaBsUl+89rhoNK3xKX6F85Uvwuw==",
			"requires": {
				"tslib": "^1.9.3"
			}
		},
		"require-dir": {
			"version": "1.2.0",
			"resolved": "https://registry.npmjs.org/require-dir/-/require-dir-1.2.0.tgz",
			"integrity": "sha512-LY85DTSu+heYgDqq/mK+7zFHWkttVNRXC9NKcKGyuGLdlsfbjEPrIEYdCVrx6hqnJb+xSu3Lzaoo8VnmOhhjNA=="
		},
		"tslib": {
			"version": "1.9.3",
			"resolved": "https://registry.npmjs.org/tslib/-/tslib-1.9.3.tgz",
			"integrity": "sha512-4krF8scpejhaOgqzBEcGM7yDIEfi0/8+8zDRZhNZZ2kjmHJ4hv3zCbQWxoJGz1iw5U0Jl0nma13xzHXcncMavQ=="
		}
	}
}
