{
	"name": "@kosko/template-deployed-service",
	"version": "1.0.4",
	"lockfileVersion": 2,
	"requires": true,
	"packages": {
		"": {
			"name": "@kosko/template-deployed-service",
			"version": "1.0.3",
			"license": "MIT",
			"dependencies": {
				"tslib": "^2.1.0"
			},
			"bin": {
				"template-deployed-service": "bin/run.js"
			},
			"engines": {
				"node": ">=10"
			}
		},
		"node_modules/tslib": {
			"version": "2.1.0",
			"resolved": "https://registry.npmjs.org/tslib/-/tslib-2.1.0.tgz",
			"integrity": "sha512-hcVC3wYEziELGGmEEXue7D75zbwIIVUMWAVbHItGPx0ziyXxrOMQx4rQEVEV45Ut/1IotuEvwqPopzIOkDMf0A=="
		}
	},
	"dependencies": {
		"tslib": {
			"version": "2.1.0",
			"resolved": "https://registry.npmjs.org/tslib/-/tslib-2.1.0.tgz",
			"integrity": "sha512-hcVC3wYEziELGGmEEXue7D75zbwIIVUMWAVbHItGPx0ziyXxrOMQx4rQEVEV45Ut/1IotuEvwqPopzIOkDMf0A=="
		}
	}
}
