{
	"name": "@kosko-example/environment",
	"version": "0.0.0",
	"lockfileVersion": 2,
	"requires": true,
	"packages": {
		"": {
			"name": "@kosko-example/environment",
			"version": "0.0.0",
			"dependencies": {
				"kubernetes-models": "^1.0.3"
			}
		},
		"node_modules/@kubernetes-models/base": {
			"version": "1.1.0",
			"resolved": "https://registry.npmjs.org/@kubernetes-models/base/-/base-1.1.0.tgz",
			"integrity": "sha512-b7r8TBcbaokpfOswd+2gcgtUmESLIyHf6ufYQbdY7nyWQjk4ZJXunm4vggqa8+6NAoc1MoxIwha9R9i3PQaCHA==",
			"dependencies": {
				"@kubernetes-models/validate": "^1.0.1",
				"is-plain-object": "^5.0.0",
				"tslib": "^2.0.3"
			},
			"engines": {
				"node": ">=10"
			}
		},
		"node_modules/@kubernetes-models/validate": {
			"version": "1.0.1",
			"resolved": "https://registry.npmjs.org/@kubernetes-models/validate/-/validate-1.0.1.tgz",
			"integrity": "sha512-MCzrJfEfcxwvsGeX7v9iVK81EJq05+d8tvWXivgTQvaNFMLFkY3boUQxkp/0nqafpHIT4BxWf1LBIR3+57btuQ==",
			"dependencies": {
				"ajv": "^6.12.6",
				"big-integer": "^1.6.48",
				"tslib": "^2.0.3"
			},
			"engines": {
				"node": ">=10"
			}
		},
		"node_modules/ajv": {
			"version": "6.12.6",
			"resolved": "https://registry.npmjs.org/ajv/-/ajv-6.12.6.tgz",
			"integrity": "sha512-j3fVLgvTo527anyYyJOGTYJbG+vnnQYvE0m5mmkc1TK+nxAppkCLMIL0aZ4dblVCNoGShhm+kzE4ZUykBoMg4g==",
			"dependencies": {
				"fast-deep-equal": "^3.1.1",
				"fast-json-stable-stringify": "^2.0.0",
				"json-schema-traverse": "^0.4.1",
				"uri-js": "^4.2.2"
			}
		},
		"node_modules/big-integer": {
			"version": "1.6.48",
			"resolved": "https://registry.npmjs.org/big-integer/-/big-integer-1.6.48.tgz",
			"integrity": "sha512-j51egjPa7/i+RdiRuJbPdJ2FIUYYPhvYLjzoYbcMMm62ooO6F94fETG4MTs46zPAF9Brs04OajboA/qTGuz78w==",
			"engines": {
				"node": ">=0.6"
			}
		},
		"node_modules/fast-deep-equal": {
			"version": "3.1.3",
			"resolved": "https://registry.npmjs.org/fast-deep-equal/-/fast-deep-equal-3.1.3.tgz",
			"integrity": "sha512-f3qQ9oQy9j2AhBe/H9VC91wLmKBCCU/gDOnKNAYG5hswO7BLKj09Hc5HYNz9cGI++xlpDCIgDaitVs03ATR84Q=="
		},
		"node_modules/fast-json-stable-stringify": {
			"version": "2.1.0",
			"resolved": "https://registry.npmjs.org/fast-json-stable-stringify/-/fast-json-stable-stringify-2.1.0.tgz",
			"integrity": "sha512-lhd/wF+Lk98HZoTCtlVraHtfh5XYijIjalXck7saUtuanSDyLMxnHhSXEDJqHxD7msR8D0uCmqlkwjCV8xvwHw=="
		},
		"node_modules/is-plain-object": {
			"version": "5.0.0",
			"resolved": "https://registry.npmjs.org/is-plain-object/-/is-plain-object-5.0.0.tgz",
			"integrity": "sha512-VRSzKkbMm5jMDoKLbltAkFQ5Qr7VDiTFGXxYFXXowVj387GeGNOCsOH6Msy00SGZ3Fp84b1Naa1psqgcCIEP5Q==",
			"engines": {
				"node": ">=0.10.0"
			}
		},
		"node_modules/json-schema-traverse": {
			"version": "0.4.1",
			"resolved": "https://registry.npmjs.org/json-schema-traverse/-/json-schema-traverse-0.4.1.tgz",
			"integrity": "sha512-xbbCH5dCYU5T8LcEhhuh7HJ88HXuW3qsI3Y0zOZFKfZEHcpWiHU/Jxzk629Brsab/mMiHQti9wMP+845RPe3Vg=="
		},
		"node_modules/kubernetes-models": {
			"version": "1.0.3",
			"resolved": "https://registry.npmjs.org/kubernetes-models/-/kubernetes-models-1.0.3.tgz",
			"integrity": "sha512-5RtMfOqFfyLK1bEGeylUQvp8gPSNQaTeihV4q5iWfSEw+S9JtYLKGy5/Z/Ts9JVnbM80NrD2RPGNDAFShYksyQ==",
			"dependencies": {
				"@kubernetes-models/base": "^1.1.0",
				"@kubernetes-models/validate": "^1.0.1",
				"tslib": "^2.0.3"
			},
			"engines": {
				"node": ">=10"
			}
		},
		"node_modules/punycode": {
			"version": "2.1.1",
			"resolved": "https://registry.npmjs.org/punycode/-/punycode-2.1.1.tgz",
			"integrity": "sha512-XRsRjdf+j5ml+y/6GKHPZbrF/8p2Yga0JPtdqTIY2Xe5ohJPD9saDJJLPvp9+NSBprVvevdXZybnj2cv8OEd0A==",
			"engines": {
				"node": ">=6"
			}
		},
		"node_modules/tslib": {
			"version": "2.1.0",
			"resolved": "https://registry.npmjs.org/tslib/-/tslib-2.1.0.tgz",
			"integrity": "sha512-hcVC3wYEziELGGmEEXue7D75zbwIIVUMWAVbHItGPx0ziyXxrOMQx4rQEVEV45Ut/1IotuEvwqPopzIOkDMf0A=="
		},
		"node_modules/uri-js": {
			"version": "4.4.1",
			"resolved": "https://registry.npmjs.org/uri-js/-/uri-js-4.4.1.tgz",
			"integrity": "sha512-7rKUyy33Q1yc98pQ1DAmLtwX109F7TIfWlW1Ydo8Wl1ii1SeHieeh0HHfPeL2fMXK6z0s8ecKs9frCuLJvndBg==",
			"dependencies": {
				"punycode": "^2.1.0"
			}
		}
	},
	"dependencies": {
		"@kubernetes-models/base": {
			"version": "1.1.0",
			"resolved": "https://registry.npmjs.org/@kubernetes-models/base/-/base-1.1.0.tgz",
			"integrity": "sha512-b7r8TBcbaokpfOswd+2gcgtUmESLIyHf6ufYQbdY7nyWQjk4ZJXunm4vggqa8+6NAoc1MoxIwha9R9i3PQaCHA==",
			"requires": {
				"@kubernetes-models/validate": "^1.0.1",
				"is-plain-object": "^5.0.0",
				"tslib": "^2.0.3"
			}
		},
		"@kubernetes-models/validate": {
			"version": "1.0.1",
			"resolved": "https://registry.npmjs.org/@kubernetes-models/validate/-/validate-1.0.1.tgz",
			"integrity": "sha512-MCzrJfEfcxwvsGeX7v9iVK81EJq05+d8tvWXivgTQvaNFMLFkY3boUQxkp/0nqafpHIT4BxWf1LBIR3+57btuQ==",
			"requires": {
				"ajv": "^6.12.6",
				"big-integer": "^1.6.48",
				"tslib": "^2.0.3"
			}
		},
		"ajv": {
			"version": "6.12.6",
			"resolved": "https://registry.npmjs.org/ajv/-/ajv-6.12.6.tgz",
			"integrity": "sha512-j3fVLgvTo527anyYyJOGTYJbG+vnnQYvE0m5mmkc1TK+nxAppkCLMIL0aZ4dblVCNoGShhm+kzE4ZUykBoMg4g==",
			"requires": {
				"fast-deep-equal": "^3.1.1",
				"fast-json-stable-stringify": "^2.0.0",
				"json-schema-traverse": "^0.4.1",
				"uri-js": "^4.2.2"
			}
		},
		"big-integer": {
			"version": "1.6.48",
			"resolved": "https://registry.npmjs.org/big-integer/-/big-integer-1.6.48.tgz",
			"integrity": "sha512-j51egjPa7/i+RdiRuJbPdJ2FIUYYPhvYLjzoYbcMMm62ooO6F94fETG4MTs46zPAF9Brs04OajboA/qTGuz78w=="
		},
		"fast-deep-equal": {
			"version": "3.1.3",
			"resolved": "https://registry.npmjs.org/fast-deep-equal/-/fast-deep-equal-3.1.3.tgz",
			"integrity": "sha512-f3qQ9oQy9j2AhBe/H9VC91wLmKBCCU/gDOnKNAYG5hswO7BLKj09Hc5HYNz9cGI++xlpDCIgDaitVs03ATR84Q=="
		},
		"fast-json-stable-stringify": {
			"version": "2.1.0",
			"resolved": "https://registry.npmjs.org/fast-json-stable-stringify/-/fast-json-stable-stringify-2.1.0.tgz",
			"integrity": "sha512-lhd/wF+Lk98HZoTCtlVraHtfh5XYijIjalXck7saUtuanSDyLMxnHhSXEDJqHxD7msR8D0uCmqlkwjCV8xvwHw=="
		},
		"is-plain-object": {
			"version": "5.0.0",
			"resolved": "https://registry.npmjs.org/is-plain-object/-/is-plain-object-5.0.0.tgz",
			"integrity": "sha512-VRSzKkbMm5jMDoKLbltAkFQ5Qr7VDiTFGXxYFXXowVj387GeGNOCsOH6Msy00SGZ3Fp84b1Naa1psqgcCIEP5Q=="
		},
		"json-schema-traverse": {
			"version": "0.4.1",
			"resolved": "https://registry.npmjs.org/json-schema-traverse/-/json-schema-traverse-0.4.1.tgz",
			"integrity": "sha512-xbbCH5dCYU5T8LcEhhuh7HJ88HXuW3qsI3Y0zOZFKfZEHcpWiHU/Jxzk629Brsab/mMiHQti9wMP+845RPe3Vg=="
		},
		"kubernetes-models": {
			"version": "1.0.3",
			"resolved": "https://registry.npmjs.org/kubernetes-models/-/kubernetes-models-1.0.3.tgz",
			"integrity": "sha512-5RtMfOqFfyLK1bEGeylUQvp8gPSNQaTeihV4q5iWfSEw+S9JtYLKGy5/Z/Ts9JVnbM80NrD2RPGNDAFShYksyQ==",
			"requires": {
				"@kubernetes-models/base": "^1.1.0",
				"@kubernetes-models/validate": "^1.0.1",
				"tslib": "^2.0.3"
			}
		},
		"punycode": {
			"version": "2.1.1",
			"resolved": "https://registry.npmjs.org/punycode/-/punycode-2.1.1.tgz",
			"integrity": "sha512-XRsRjdf+j5ml+y/6GKHPZbrF/8p2Yga0JPtdqTIY2Xe5ohJPD9saDJJLPvp9+NSBprVvevdXZybnj2cv8OEd0A=="
		},
		"tslib": {
			"version": "2.1.0",
			"resolved": "https://registry.npmjs.org/tslib/-/tslib-2.1.0.tgz",
			"integrity": "sha512-hcVC3wYEziELGGmEEXue7D75zbwIIVUMWAVbHItGPx0ziyXxrOMQx4rQEVEV45Ut/1IotuEvwqPopzIOkDMf0A=="
		},
		"uri-js": {
			"version": "4.4.1",
			"resolved": "https://registry.npmjs.org/uri-js/-/uri-js-4.4.1.tgz",
			"integrity": "sha512-7rKUyy33Q1yc98pQ1DAmLtwX109F7TIfWlW1Ydo8Wl1ii1SeHieeh0HHfPeL2fMXK6z0s8ecKs9frCuLJvndBg==",
			"requires": {
				"punycode": "^2.1.0"
			}
		}
	}
}
