{
	"requires": true,
	"lockfileVersion": 1,
	"dependencies": {
		"@kosko/env": {
			"version": "0.1.0",
			"resolved": "https://registry.npmjs.org/@kosko/env/-/env-0.1.0.tgz",
			"integrity": "sha512-Dkukf+puaEo67vQfwAygYUemwuCIkrPOINv8Q3APqUzJz3amdtqoLVmmMmP9zRy3bxrQD4/EeN+bdXC3WHjSpw==",
			"requires": {
				"@kosko/require": "^0.1.5",
				"pkg-dir": "^3.0.0",
				"tslib": "^1.9.3"
			}
		},
		"@kosko/require": {
			"version": "0.1.5",
			"resolved": "https://registry.npmjs.org/@kosko/require/-/require-0.1.5.tgz",
			"integrity": "sha512-CfU5R9s408aEpt1y45lZgT8FvchFTnR9ilhdm7E+0EK81Z5c7VCIzB+KxArFQB7Y0TcKy29z+QhM2I3Qw9uKnw==",
			"requires": {
				"resolve": "^1.9.0"
			}
		},
		"find-up": {
			"version": "3.0.0",
			"resolved": "https://registry.npmjs.org/find-up/-/find-up-3.0.0.tgz",
			"integrity": "sha512-1yD6RmLI1XBfxugvORwlck6f75tYL+iR0jqwsOrOxMZyGYqUuDhJ0l4AXdO1iX/FTs9cBAMEk1gWSEx1kSbylg==",
			"requires": {
				"locate-path": "^3.0.0"
			}
		},
		"kubernetes-models": {
			"version": "0.2.3",
			"resolved": "https://registry.npmjs.org/kubernetes-models/-/kubernetes-models-0.2.3.tgz",
			"integrity": "sha512-T1ZlyGjv/G83OaNYy/xzePhkuMRHDYNOj6dYmkLJykfizCdKo6dEz1Sa92xALls9d6YkXebQX6Ng4KJEFH/QKA==",
			"requires": {
				"tslib": "^1.9.3"
			}
		},
		"locate-path": {
			"version": "3.0.0",
			"resolved": "https://registry.npmjs.org/locate-path/-/locate-path-3.0.0.tgz",
			"integrity": "sha512-7AO748wWnIhNqAuaty2ZWHkQHRSNfPVIsPIfwEOWO22AmaoVrWavlOcMR5nzTLNYvp36X220/maaRsrec1G65A==",
			"requires": {
				"p-locate": "^3.0.0",
				"path-exists": "^3.0.0"
			}
		},
		"p-limit": {
			"version": "2.1.0",
			"resolved": "https://registry.npmjs.org/p-limit/-/p-limit-2.1.0.tgz",
			"integrity": "sha512-NhURkNcrVB+8hNfLuysU8enY5xn2KXphsHBaC2YmRNTZRc7RWusw6apSpdEj3jo4CMb6W9nrF6tTnsJsJeyu6g==",
			"requires": {
				"p-try": "^2.0.0"
			}
		},
		"p-locate": {
			"version": "3.0.0",
			"resolved": "https://registry.npmjs.org/p-locate/-/p-locate-3.0.0.tgz",
			"integrity": "sha512-x+12w/To+4GFfgJhBEpiDcLozRJGegY+Ei7/z0tSLkMmxGZNybVMSfWj9aJn8Z5Fc7dBUNJOOVgPv2H7IwulSQ==",
			"requires": {
				"p-limit": "^2.0.0"
			}
		},
		"p-try": {
			"version": "2.0.0",
			"resolved": "https://registry.npmjs.org/p-try/-/p-try-2.0.0.tgz",
			"integrity": "sha512-hMp0onDKIajHfIkdRk3P4CdCmErkYAxxDtP3Wx/4nZ3aGlau2VKh3mZpcuFkH27WQkL/3WBCPOktzA9ZOAnMQQ=="
		},
		"path-exists": {
			"version": "3.0.0",
			"resolved": "https://registry.npmjs.org/path-exists/-/path-exists-3.0.0.tgz",
			"integrity": "sha1-zg6+ql94yxiSXqfYENe1mwEP1RU="
		},
		"path-parse": {
			"version": "1.0.6",
			"resolved": "https://registry.npmjs.org/path-parse/-/path-parse-1.0.6.tgz",
			"integrity": "sha512-GSmOT2EbHrINBf9SR7CDELwlJ8AENk3Qn7OikK4nFYAu3Ote2+JYNVvkpAEQm3/TLNEJFD/xZJjzyxg3KBWOzw=="
		},
		"pkg-dir": {
			"version": "3.0.0",
			"resolved": "https://registry.npmjs.org/pkg-dir/-/pkg-dir-3.0.0.tgz",
			"integrity": "sha512-/E57AYkoeQ25qkxMj5PBOVgF8Kiu/h7cYS30Z5+R7WaiCCBfLq58ZI/dSeaEKb9WVJV5n/03QwrN3IeWIFllvw==",
			"requires": {
				"find-up": "^3.0.0"
			}
		},
		"resolve": {
			"version": "1.9.0",
			"resolved": "https://registry.npmjs.org/resolve/-/resolve-1.9.0.tgz",
			"integrity": "sha512-TZNye00tI67lwYvzxCxHGjwTNlUV70io54/Ed4j6PscB8xVfuBJpRenI/o6dVk0cY0PYTY27AgCoGGxRnYuItQ==",
			"requires": {
				"path-parse": "^1.0.6"
			}
		},
		"tslib": {
			"version": "1.9.3",
			"resolved": "https://registry.npmjs.org/tslib/-/tslib-1.9.3.tgz",
			"integrity": "sha512-4krF8scpejhaOgqzBEcGM7yDIEfi0/8+8zDRZhNZZ2kjmHJ4hv3zCbQWxoJGz1iw5U0Jl0nma13xzHXcncMavQ=="
		}
	}
}
