{
	"name": "@kosko/migrate",
	"version": "0.1.4",
	"lockfileVersion": 1,
	"requires": true,
	"dependencies": {
		"@kubernetes-models/base": {
			"version": "0.1.3",
			"resolved": "https://registry.npmjs.org/@kubernetes-models/base/-/base-0.1.3.tgz",
			"integrity": "sha512-6CcZtcXvfZXstKvkMALjGinlbcP8wTpKOjaJ0i5lNwr0uaRSUjRCL4R7Hq2LW25Fc3E7wk6ObckmKi3uGLou4Q==",
			"dev": true,
			"requires": {
				"@kubernetes-models/validate": "^0.1.2",
				"is-plain-object": "^3.0.0",
				"tslib": "^1.10.0"
			}
		},
		"@kubernetes-models/validate": {
			"version": "0.1.2",
			"resolved": "https://registry.npmjs.org/@kubernetes-models/validate/-/validate-0.1.2.tgz",
			"integrity": "sha512-3s5268YsdCuW0UjRWV5oeoBzlM8Xzk8abrkhgdC+/tUEqeTebDsPh4LWMpQ/rEue179/iT4XMNwc81zRnco3cw==",
			"dev": true,
			"requires": {
				"ajv": "^6.10.2",
				"big-integer": "^1.6.44",
				"tslib": "^1.10.0"
			}
		},
		"@types/js-yaml": {
			"version": "3.12.3",
			"resolved": "https://registry.npmjs.org/@types/js-yaml/-/js-yaml-3.12.3.tgz",
			"integrity": "sha512-otRe77JNNWzoVGLKw8TCspKswRoQToys4tuL6XYVBFxjgeM0RUrx7m3jkaTdxILxeGry3zM8mGYkGXMeQ02guA==",
			"dev": true
		},
		"ajv": {
			"version": "6.12.2",
			"resolved": "https://registry.npmjs.org/ajv/-/ajv-6.12.2.tgz",
			"integrity": "sha512-k+V+hzjm5q/Mr8ef/1Y9goCmlsK4I6Sm74teeyGvFk1XrOsbsKLjEdrvny42CZ+a8sXbk8KWpY/bDwS+FLL2UQ==",
			"dev": true,
			"requires": {
				"fast-deep-equal": "^3.1.1",
				"fast-json-stable-stringify": "^2.0.0",
				"json-schema-traverse": "^0.4.1",
				"uri-js": "^4.2.2"
			}
		},
		"argparse": {
			"version": "1.0.10",
			"resolved": "https://registry.npmjs.org/argparse/-/argparse-1.0.10.tgz",
			"integrity": "sha512-o5Roy6tNG4SL/FOkCAN6RzjiakZS25RLYFrcMttJqbdd8BWrnA+fGz57iN5Pb06pvBGvl5gQ0B48dJlslXvoTg==",
			"requires": {
				"sprintf-js": "~1.0.2"
			}
		},
		"big-integer": {
			"version": "1.6.48",
			"resolved": "https://registry.npmjs.org/big-integer/-/big-integer-1.6.48.tgz",
			"integrity": "sha512-j51egjPa7/i+RdiRuJbPdJ2FIUYYPhvYLjzoYbcMMm62ooO6F94fETG4MTs46zPAF9Brs04OajboA/qTGuz78w==",
			"dev": true
		},
		"camelcase": {
			"version": "5.3.1",
			"resolved": "https://registry.npmjs.org/camelcase/-/camelcase-5.3.1.tgz",
			"integrity": "sha512-L28STB170nwWS63UjtlEOE3dldQApaJXZkOI1uMFfzf3rRuPegHaHesyee+YxQ+W6SvRDQV6UrdOdRiR153wJg=="
		},
		"esprima": {
			"version": "4.0.1",
			"resolved": "https://registry.npmjs.org/esprima/-/esprima-4.0.1.tgz",
			"integrity": "sha512-eGuFFw7Upda+g4p+QHvnW0RyTX/SVeJBDM/gCtMARO0cLuT2HcEKnTPvhjV6aGeqrCB/sbNop0Kszm0jsaWU4A=="
		},
		"fast-deep-equal": {
			"version": "3.1.1",
			"resolved": "https://registry.npmjs.org/fast-deep-equal/-/fast-deep-equal-3.1.1.tgz",
			"integrity": "sha512-8UEa58QDLauDNfpbrX55Q9jrGHThw2ZMdOky5Gl1CDtVeJDPVrG4Jxx1N8jw2gkWaff5UUuX1KJd+9zGe2B+ZA==",
			"dev": true
		},
		"fast-json-stable-stringify": {
			"version": "2.1.0",
			"resolved": "https://registry.npmjs.org/fast-json-stable-stringify/-/fast-json-stable-stringify-2.1.0.tgz",
			"integrity": "sha512-lhd/wF+Lk98HZoTCtlVraHtfh5XYijIjalXck7saUtuanSDyLMxnHhSXEDJqHxD7msR8D0uCmqlkwjCV8xvwHw==",
			"dev": true
		},
		"is-plain-object": {
			"version": "3.0.0",
			"resolved": "https://registry.npmjs.org/is-plain-object/-/is-plain-object-3.0.0.tgz",
			"integrity": "sha512-tZIpofR+P05k8Aocp7UI/2UTa9lTJSebCXpFFoR9aibpokDj/uXBsJ8luUu0tTVYKkMU6URDUuOfJZ7koewXvg==",
			"dev": true,
			"requires": {
				"isobject": "^4.0.0"
			}
		},
		"isobject": {
			"version": "4.0.0",
			"resolved": "https://registry.npmjs.org/isobject/-/isobject-4.0.0.tgz",
			"integrity": "sha512-S/2fF5wH8SJA/kmwr6HYhK/RI/OkhD84k8ntalo0iJjZikgq1XFvR5M8NPT1x5F7fBwCG3qHfnzeP/Vh/ZxCUA==",
			"dev": true
		},
		"js-yaml": {
			"version": "3.13.1",
			"resolved": "https://registry.npmjs.org/js-yaml/-/js-yaml-3.13.1.tgz",
			"integrity": "sha512-YfbcO7jXDdyj0DGxYVSlSeQNHbD7XPWvrVWeVUujrQEoZzWJIRrCPoyk6kL6IAjAG2IolMK4T0hNUe0HOUs5Jw==",
			"requires": {
				"argparse": "^1.0.7",
				"esprima": "^4.0.0"
			}
		},
		"json-schema-traverse": {
			"version": "0.4.1",
			"resolved": "https://registry.npmjs.org/json-schema-traverse/-/json-schema-traverse-0.4.1.tgz",
			"integrity": "sha512-xbbCH5dCYU5T8LcEhhuh7HJ88HXuW3qsI3Y0zOZFKfZEHcpWiHU/Jxzk629Brsab/mMiHQti9wMP+845RPe3Vg==",
			"dev": true
		},
		"kubernetes-models": {
			"version": "0.8.0",
			"resolved": "https://registry.npmjs.org/kubernetes-models/-/kubernetes-models-0.8.0.tgz",
			"integrity": "sha512-X77njuENDnSmomiezGL+kyUAvGPPUvCt3+ZlRR59+HN+TIJEUhgMXtIiYpdqvXuWp6QOePxiKYFPW4zRpm5FRg==",
			"dev": true,
			"requires": {
				"@kubernetes-models/base": "^0.1.3",
				"@kubernetes-models/validate": "^0.1.2",
				"tslib": "^1.10.0"
			}
		},
		"punycode": {
			"version": "2.1.1",
			"resolved": "https://registry.npmjs.org/punycode/-/punycode-2.1.1.tgz",
			"integrity": "sha512-XRsRjdf+j5ml+y/6GKHPZbrF/8p2Yga0JPtdqTIY2Xe5ohJPD9saDJJLPvp9+NSBprVvevdXZybnj2cv8OEd0A==",
			"dev": true
		},
		"sprintf-js": {
			"version": "1.0.3",
			"resolved": "https://registry.npmjs.org/sprintf-js/-/sprintf-js-1.0.3.tgz",
			"integrity": "sha1-BOaSb2YolTVPPdAVIDYzuFcpfiw="
		},
		"tslib": {
			"version": "1.11.1",
			"resolved": "https://registry.npmjs.org/tslib/-/tslib-1.11.1.tgz",
			"integrity": "sha512-aZW88SY8kQbU7gpV19lN24LtXh/yD4ZZg6qieAJDDg+YBsJcSmLGK9QpnUjAKVG/xefmvJGd1WUmfpT/g6AJGA=="
		},
		"uri-js": {
			"version": "4.2.2",
			"resolved": "https://registry.npmjs.org/uri-js/-/uri-js-4.2.2.tgz",
			"integrity": "sha512-KY9Frmirql91X2Qgjry0Wd4Y+YTdrdZheS8TFwvkbLWf/G5KNJDCh6pKL5OZctEW4+0Baa5idK2ZQuELRwPznQ==",
			"dev": true,
			"requires": {
				"punycode": "^2.1.0"
			}
		}
	}
}
