{
	"name": "@kosko/migrate",
	"version": "0.1.1",
	"lockfileVersion": 1,
	"requires": true,
	"dependencies": {
		"@types/camelcase": {
			"version": "4.1.0",
			"resolved": "https://registry.npmjs.org/@types/camelcase/-/camelcase-4.1.0.tgz",
			"integrity": "sha512-nsaprOtNLvUrLyFX5+mRpE9h2Q0d5YzQRr+Lav3fxdYtc1/E/U7G+Ld861NWBDDtWY3MnwKoUOhCrE1nrVxUQA==",
			"dev": true
		},
		"@types/js-yaml": {
			"version": "3.12.0",
			"resolved": "https://registry.npmjs.org/@types/js-yaml/-/js-yaml-3.12.0.tgz",
			"integrity": "sha512-UGEe/6RsNAxgWdknhzFZbCxuYc5I7b/YEKlfKbo+76SM8CJzGs7XKCj7zyugXViRbKYpXhSXhCYVQZL5tmDbpQ==",
			"dev": true
		},
		"argparse": {
			"version": "1.0.10",
			"resolved": "https://registry.npmjs.org/argparse/-/argparse-1.0.10.tgz",
			"integrity": "sha512-o5Roy6tNG4SL/FOkCAN6RzjiakZS25RLYFrcMttJqbdd8BWrnA+fGz57iN5Pb06pvBGvl5gQ0B48dJlslXvoTg==",
			"requires": {
				"sprintf-js": "~1.0.2"
			}
		},
		"camelcase": {
			"version": "5.0.0",
			"resolved": "https://registry.npmjs.org/camelcase/-/camelcase-5.0.0.tgz",
			"integrity": "sha512-faqwZqnWxbxn+F1d399ygeamQNy3lPp/H9H6rNrqYh4FSVCtcY+3cub1MxA8o9mDd55mM8Aghuu/kuyYA6VTsA=="
		},
		"esprima": {
			"version": "4.0.1",
			"resolved": "https://registry.npmjs.org/esprima/-/esprima-4.0.1.tgz",
			"integrity": "sha512-eGuFFw7Upda+g4p+QHvnW0RyTX/SVeJBDM/gCtMARO0cLuT2HcEKnTPvhjV6aGeqrCB/sbNop0Kszm0jsaWU4A=="
		},
		"is-plain-object": {
			"version": "2.0.4",
			"resolved": "https://registry.npmjs.org/is-plain-object/-/is-plain-object-2.0.4.tgz",
			"integrity": "sha512-h5PpgXkWitc38BBMYawTYMWJHFZJVnBquFE57xFpjB8pJFiF6gZ+bU+WyI/yqXiFR5mdLsgYNaPe8uao6Uv9Og==",
			"dev": true,
			"requires": {
				"isobject": "^3.0.1"
			}
		},
		"isobject": {
			"version": "3.0.1",
			"resolved": "https://registry.npmjs.org/isobject/-/isobject-3.0.1.tgz",
			"integrity": "sha1-TkMekrEalzFjaqH5yNHMvP2reN8=",
			"dev": true
		},
		"js-yaml": {
			"version": "3.12.1",
			"resolved": "https://registry.npmjs.org/js-yaml/-/js-yaml-3.12.1.tgz",
			"integrity": "sha512-um46hB9wNOKlwkHgiuyEVAybXBjwFUV0Z/RaHJblRd9DXltue9FTYvzCr9ErQrK9Adz5MU4gHWVaNUfdmrC8qA==",
			"requires": {
				"argparse": "^1.0.7",
				"esprima": "^4.0.0"
			}
		},
		"sprintf-js": {
			"version": "1.0.3",
			"resolved": "https://registry.npmjs.org/sprintf-js/-/sprintf-js-1.0.3.tgz",
			"integrity": "sha1-BOaSb2YolTVPPdAVIDYzuFcpfiw="
		},
		"tslib": {
			"version": "1.9.3",
			"resolved": "https://registry.npmjs.org/tslib/-/tslib-1.9.3.tgz",
			"integrity": "sha512-4krF8scpejhaOgqzBEcGM7yDIEfi0/8+8zDRZhNZZ2kjmHJ4hv3zCbQWxoJGz1iw5U0Jl0nma13xzHXcncMavQ=="
		}
	}
}
