{
	"name": "@kosko/require",
	"version": "0.1.5",
	"lockfileVersion": 1,
	"requires": true,
	"dependencies": {
		"@types/node": {
			"version": "10.12.18",
			"resolved": "https://registry.npmjs.org/@types/node/-/node-10.12.18.tgz",
			"integrity": "sha512-fh+pAqt4xRzPfqA6eh3Z2y6fyZavRIumvjhaCL753+TVkGKGhpPeyrJG2JftD0T9q4GF00KjefsQ+PQNDdWQaQ==",
			"dev": true
		},
		"@types/resolve": {
			"version": "0.0.8",
			"resolved": "https://registry.npmjs.org/@types/resolve/-/resolve-0.0.8.tgz",
			"integrity": "sha512-auApPaJf3NPfe18hSoJkp8EbZzer2ISk7o8mCC3M9he/a04+gbMF97NkpD2S8riMGvm4BMRI59/SZQSaLTKpsQ==",
			"dev": true,
			"requires": {
				"@types/node": "*"
			}
		},
		"path-parse": {
			"version": "1.0.6",
			"resolved": "https://registry.npmjs.org/path-parse/-/path-parse-1.0.6.tgz",
			"integrity": "sha512-GSmOT2EbHrINBf9SR7CDELwlJ8AENk3Qn7OikK4nFYAu3Ote2+JYNVvkpAEQm3/TLNEJFD/xZJjzyxg3KBWOzw=="
		},
		"resolve": {
			"version": "1.9.0",
			"resolved": "https://registry.npmjs.org/resolve/-/resolve-1.9.0.tgz",
			"integrity": "sha512-TZNye00tI67lwYvzxCxHGjwTNlUV70io54/Ed4j6PscB8xVfuBJpRenI/o6dVk0cY0PYTY27AgCoGGxRnYuItQ==",
			"requires": {
				"path-parse": "^1.0.6"
			}
		}
	}
}
