{
  "requires": true,
  "lockfileVersion": 1,
  "dependencies": {
    "kubernetes-models": {
      "version": "0.2.1",
      "resolved": "https://registry.npmjs.org/kubernetes-models/-/kubernetes-models-0.2.1.tgz",
      "integrity": "sha512-Al/tgazHcc/dPe9/vxyZzjKOAIUqUPgmDLI1JbbQ3JJvWSY+GzAgouu+JPeKsMaIJ+UCZF8PkFjDkFRC62cQkA==",
      "requires": {
        "tslib": "^1.9.3"
      }
    },
    "require-dir": {
      "version": "1.2.0",
      "resolved": "https://registry.npmjs.org/require-dir/-/require-dir-1.2.0.tgz",
      "integrity": "sha512-LY85DTSu+heYgDqq/mK+7zFHWkttVNRXC9NKcKGyuGLdlsfbjEPrIEYdCVrx6hqnJb+xSu3Lzaoo8VnmOhhjNA=="
    },
    "tslib": {
      "version": "1.9.3",
      "resolved": "https://registry.npmjs.org/tslib/-/tslib-1.9.3.tgz",
      "integrity": "sha512-4krF8scpejhaOgqzBEcGM7yDIEfi0/8+8zDRZhNZZ2kjmHJ4hv3zCbQWxoJGz1iw5U0Jl0nma13xzHXcncMavQ=="
    }
  }
}
