# THIS IS AN AUTOGENERATED FILE. DO NOT EDIT THIS FILE DIRECTLY.
# yarn lockfile v1


kubernetes-models@^0.2.1:
  version "0.2.1"
  resolved "https://registry.yarnpkg.com/kubernetes-models/-/kubernetes-models-0.2.1.tgz#1fcbd92d50f1a6a005309ed5e89bb62af90616d4"
  integrity sha512-Al/tgazHcc/dPe9/vxyZzjKOAIUqUPgmDLI1JbbQ3JJvWSY+GzAgouu+JPeKsMaIJ+UCZF8PkFjDkFRC62cQkA==
  dependencies:
    tslib "^1.9.3"

tslib@^1.9.3:
  version "1.9.3"
  resolved "https://registry.yarnpkg.com/tslib/-/tslib-1.9.3.tgz#d7e4dd79245d85428c4d7e4822a79917954ca286"
  integrity sha512-4krF8scpejhaOgqzBEcGM7yDIEfi0/8+8zDRZhNZZ2kjmHJ4hv3zCbQWxoJGz1iw5U0Jl0nma13xzHXcncMavQ==
