{
	"name": "@kosko/env",
	"version": "1.0.0",
	"lockfileVersion": 1,
	"requires": true,
	"dependencies": {
		"@types/debug": {
			"version": "4.1.5",
			"resolved": "https://registry.npmjs.org/@types/debug/-/debug-4.1.5.tgz",
			"integrity": "sha512-Q1y515GcOdTHgagaVFhHnIFQ38ygs/kmxdNpvpou+raI9UO3YZcHDngBSYKQklcKlvA7iuQlmIKbzvmxcOE9CQ==",
			"dev": true
		},
		"debug": {
			"version": "4.2.0",
			"resolved": "https://registry.npmjs.org/debug/-/debug-4.2.0.tgz",
			"integrity": "sha512-IX2ncY78vDTjZMFUdmsvIRFY2Cf4FnD0wRs+nQwJU8Lu99/tPFdb0VybiiMTPe3I6rQmwsqQqRBvxU+bZ/I8sg==",
			"requires": {
				"ms": "2.1.2"
			}
		},
		"deepmerge": {
			"version": "4.2.2",
			"resolved": "https://registry.npmjs.org/deepmerge/-/deepmerge-4.2.2.tgz",
			"integrity": "sha512-FJ3UgI4gIl+PHZm53knsuSFpE+nESMr7M4v9QcgB7S63Kj/6WqMiFQJpBBYz1Pt+66bZpP3Q7Lye0Oo9MPKEdg=="
		},
		"is-plain-object": {
			"version": "5.0.0",
			"resolved": "https://registry.npmjs.org/is-plain-object/-/is-plain-object-5.0.0.tgz",
			"integrity": "sha512-VRSzKkbMm5jMDoKLbltAkFQ5Qr7VDiTFGXxYFXXowVj387GeGNOCsOH6Msy00SGZ3Fp84b1Naa1psqgcCIEP5Q=="
		},
		"ms": {
			"version": "2.1.2",
			"resolved": "https://registry.npmjs.org/ms/-/ms-2.1.2.tgz",
			"integrity": "sha512-sGkPx+VjMtmA6MX27oA4FBFELFCZZ4S4XqeGOXCv68tT+jb3vk/RyaKWP0PTKyWtmLSM0b+adUTEvbs1PEaH2w=="
		},
		"tslib": {
			"version": "2.0.3",
			"resolved": "https://registry.npmjs.org/tslib/-/tslib-2.0.3.tgz",
			"integrity": "sha512-uZtkfKblCEQtZKBF6EBXVZeQNl82yqtDQdv+eck8u7tdPxjLu2/lp5/uPW+um2tpuxINHWy3GhiccY7QgEaVHQ=="
		}
	}
}
