{
	"name": "@kosko/cli",
	"version": "0.2.7",
	"lockfileVersion": 1,
	"requires": true,
	"dependencies": {
		"@types/bl": {
			"version": "2.1.0",
			"resolved": "https://registry.npmjs.org/@types/bl/-/bl-2.1.0.tgz",
			"integrity": "sha512-1TdA9IXOy4sdqn8vgieQ6GZAiHiPNrOiO1s2GJjuYPw4QVY7gYoVjkW049avj33Ez7IcIvu43hQsMsoUFbCn2g==",
			"dev": true,
			"requires": {
				"@types/node": "*"
			}
		},
		"@types/clean-stack": {
			"version": "1.3.0",
			"resolved": "https://registry.npmjs.org/@types/clean-stack/-/clean-stack-1.3.0.tgz",
			"integrity": "sha512-OaOoeDh7hQIvXnpYbFG/R6HPA95xW9mVZo2EC/Iu1qhO6YQB4YkAdFOXIEwe0JCgJ04Ud86hQnm5kKv7BQUD3g==",
			"dev": true
		},
		"@types/debug": {
			"version": "0.0.31",
			"resolved": "https://registry.npmjs.org/@types/debug/-/debug-0.0.31.tgz",
			"integrity": "sha512-LS1MCPaQKqspg7FvexuhmDbWUhE2yIJ+4AgVIyObfc06/UKZ8REgxGNjZc82wPLWmbeOm7S+gSsLgo75TanG4A==",
			"dev": true
		},
		"@types/lodash": {
			"version": "4.14.119",
			"resolved": "https://registry.npmjs.org/@types/lodash/-/lodash-4.14.119.tgz",
			"integrity": "sha512-Z3TNyBL8Vd/M9D9Ms2S3LmFq2sSMzahodD6rCS9V2N44HUMINb75jNkSuwAx7eo2ufqTdfOdtGQpNbieUjPQmw==",
			"dev": true
		},
		"@types/lodash.groupby": {
			"version": "4.6.4",
			"resolved": "https://registry.npmjs.org/@types/lodash.groupby/-/lodash.groupby-4.6.4.tgz",
			"integrity": "sha512-WvjZ0XtKdNUNGwY0udB3DiP3PC4mW6L3ESkJudA+LsgB2+LCUXUu3Pa+idzenLqBbMOcbBeAWPmEWSvyH0VWjw==",
			"dev": true,
			"requires": {
				"@types/lodash": "*"
			}
		},
		"@types/lodash.kebabcase": {
			"version": "4.1.4",
			"resolved": "https://registry.npmjs.org/@types/lodash.kebabcase/-/lodash.kebabcase-4.1.4.tgz",
			"integrity": "sha512-H/j/+ubS1SRbCCYXghPnkMRuGFk6gGT3KICjnTtyukveMoqsSBLVuJL4Aw+B+jy7ZDc0htVE4l1YEo03vYEykA==",
			"dev": true,
			"requires": {
				"@types/lodash": "*"
			}
		},
		"@types/lodash.mapvalues": {
			"version": "4.6.4",
			"resolved": "https://registry.npmjs.org/@types/lodash.mapvalues/-/lodash.mapvalues-4.6.4.tgz",
			"integrity": "sha512-pmxGYRc+rbdUi214lmeM8v40Y+H5x/Jtky8C/Nml1YJB0nhrgFXhNNBZe+mO5Q4vjuHwsvMcJPPHr4L4UX0Kcg==",
			"dev": true,
			"requires": {
				"@types/lodash": "*"
			}
		},
		"@types/make-dir": {
			"version": "1.0.3",
			"resolved": "https://registry.npmjs.org/@types/make-dir/-/make-dir-1.0.3.tgz",
			"integrity": "sha512-bFRvlvUdPwxj47K2yVh7OBL8Mu8h//5k/hQJkz0iAZAlxhnIDydFezGA96zehtnRfrZDuIyPd+RC2kmBGtcs0w==",
			"dev": true,
			"requires": {
				"@types/node": "*"
			}
		},
		"@types/node": {
			"version": "10.12.18",
			"resolved": "https://registry.npmjs.org/@types/node/-/node-10.12.18.tgz",
			"integrity": "sha512-fh+pAqt4xRzPfqA6eh3Z2y6fyZavRIumvjhaCL753+TVkGKGhpPeyrJG2JftD0T9q4GF00KjefsQ+PQNDdWQaQ==",
			"dev": true
		},
		"@types/string-width": {
			"version": "2.0.0",
			"resolved": "https://registry.npmjs.org/@types/string-width/-/string-width-2.0.0.tgz",
			"integrity": "sha512-dA5z2WlP7uurAiveIWTDRgfr1U58Qdmo6doDeAyJlYFQ3vnUOW7BqJ+tl+M8FaLcflhrVvwIfzxJJvlz6anx4A==",
			"dev": true
		},
		"@types/tmp": {
			"version": "0.0.33",
			"resolved": "https://registry.npmjs.org/@types/tmp/-/tmp-0.0.33.tgz",
			"integrity": "sha1-EHPEvIJHVK49EM+riKsCN7qWTk0=",
			"dev": true
		},
		"@types/write-pkg": {
			"version": "3.1.0",
			"resolved": "http://registry.npmjs.org/@types/write-pkg/-/write-pkg-3.1.0.tgz",
			"integrity": "sha512-JRGsPEPCrYqTXU0Cr+Yu7esPBE2yvH7ucOHr+JuBy0F59kglPvO5gkmtyEvf3P6dASSkScvy/XQ6SC1QEBFDuA==",
			"dev": true
		},
		"@types/yargs-parser": {
			"version": "11.0.2",
			"resolved": "https://registry.npmjs.org/@types/yargs-parser/-/yargs-parser-11.0.2.tgz",
			"integrity": "sha512-GClTGwqOZrc0xpaqgg2E6DdZ63ZxL13E3UesvgOiGKMYNrsbKiYO60FSm8a282F9V+ldA9kENGw7QnHPkWuu1A==",
			"dev": true
		},
		"ansi-regex": {
			"version": "4.0.0",
			"resolved": "https://registry.npmjs.org/ansi-regex/-/ansi-regex-4.0.0.tgz",
			"integrity": "sha512-iB5Dda8t/UqpPI/IjsejXu5jOGDrzn41wJyljwPH65VCIbk6+1BzFIMJGFwTNrYXT1CrD+B4l19U7awiQ8rk7w=="
		},
		"bl": {
			"version": "2.1.2",
			"resolved": "https://registry.npmjs.org/bl/-/bl-2.1.2.tgz",
			"integrity": "sha512-DvC0x+PxmSJNx8wXoFV15pC2+GOJ3ohb4F1REq3X32a2Z3nEBpR1Guu740M7ouYAImFj4BXDNilLNZbygtG9lQ==",
			"dev": true,
			"requires": {
				"readable-stream": "^2.3.5",
				"safe-buffer": "^5.1.1"
			}
		},
		"bluebird": {
			"version": "3.5.3",
			"resolved": "https://registry.npmjs.org/bluebird/-/bluebird-3.5.3.tgz",
			"integrity": "sha512-/qKPUQlaW1OyR51WeCPBvRnAlnZFUJkCSG5HzGnuIqhgyJtF+T94lFnn33eiazjRm2LAHVy2guNnaq48X9SJuw==",
			"dev": true
		},
		"camelcase": {
			"version": "5.0.0",
			"resolved": "https://registry.npmjs.org/camelcase/-/camelcase-5.0.0.tgz",
			"integrity": "sha512-faqwZqnWxbxn+F1d399ygeamQNy3lPp/H9H6rNrqYh4FSVCtcY+3cub1MxA8o9mDd55mM8Aghuu/kuyYA6VTsA=="
		},
		"clean-stack": {
			"version": "2.0.0",
			"resolved": "https://registry.npmjs.org/clean-stack/-/clean-stack-2.0.0.tgz",
			"integrity": "sha512-VEoL9Qh7I8s8iHnV53DaeWSt8NJ0g3khMfK6NiCPB7H657juhro+cSw2O88uo3bo0c0X5usamtXk0/Of0wXa5A=="
		},
		"core-util-is": {
			"version": "1.0.2",
			"resolved": "https://registry.npmjs.org/core-util-is/-/core-util-is-1.0.2.tgz",
			"integrity": "sha1-tf1UIgqivFq1eqtxQMlAdUUDwac=",
			"dev": true
		},
		"debug": {
			"version": "4.1.1",
			"resolved": "https://registry.npmjs.org/debug/-/debug-4.1.1.tgz",
			"integrity": "sha512-pYAIzeRo8J6KPEaJ0VWOh5Pzkbw/RetuzehGM7QRRX5he4fPHx2rdKMB256ehJCkX+XRQm16eZLqLNS8RSZXZw==",
			"requires": {
				"ms": "^2.1.1"
			}
		},
		"decamelize": {
			"version": "1.2.0",
			"resolved": "https://registry.npmjs.org/decamelize/-/decamelize-1.2.0.tgz",
			"integrity": "sha1-9lNNFRSCabIDUue+4m9QH5oZEpA="
		},
		"detect-indent": {
			"version": "5.0.0",
			"resolved": "https://registry.npmjs.org/detect-indent/-/detect-indent-5.0.0.tgz",
			"integrity": "sha1-OHHMCmoALow+Wzz38zYmRnXwa50="
		},
		"emoji-regex": {
			"version": "7.0.3",
			"resolved": "https://registry.npmjs.org/emoji-regex/-/emoji-regex-7.0.3.tgz",
			"integrity": "sha512-CwBLREIQ7LvYFB0WyRvwhq5N5qPhc6PMjD6bYggFlI5YyDgl+0vxq5VHbMOFqLg7hfWzmu8T5Z1QofhmTIhItA=="
		},
		"graceful-fs": {
			"version": "4.1.15",
			"resolved": "https://registry.npmjs.org/graceful-fs/-/graceful-fs-4.1.15.tgz",
			"integrity": "sha512-6uHUhOPEBgQ24HM+r6b/QwWfZq+yiFcipKFrOFiBEnWdy5sdzYoi+pJeQaPI5qOLRFqWmAXUPQNsielzdLoecA=="
		},
		"imurmurhash": {
			"version": "0.1.4",
			"resolved": "https://registry.npmjs.org/imurmurhash/-/imurmurhash-0.1.4.tgz",
			"integrity": "sha1-khi5srkoojixPcT7a21XbyMUU+o="
		},
		"inherits": {
			"version": "2.0.3",
			"resolved": "https://registry.npmjs.org/inherits/-/inherits-2.0.3.tgz",
			"integrity": "sha1-Yzwsg+PaQqUC9SRmAiSA9CCCYd4=",
			"dev": true
		},
		"is-fullwidth-code-point": {
			"version": "2.0.0",
			"resolved": "https://registry.npmjs.org/is-fullwidth-code-point/-/is-fullwidth-code-point-2.0.0.tgz",
			"integrity": "sha1-o7MKXE8ZkYMWeqq5O+764937ZU8="
		},
		"is-plain-obj": {
			"version": "1.1.0",
			"resolved": "https://registry.npmjs.org/is-plain-obj/-/is-plain-obj-1.1.0.tgz",
			"integrity": "sha1-caUMhCnfync8kqOQpKA7OfzVHT4="
		},
		"isarray": {
			"version": "1.0.0",
			"resolved": "https://registry.npmjs.org/isarray/-/isarray-1.0.0.tgz",
			"integrity": "sha1-u5NdSFgsuhaMBoNJV6VKPgcSTxE=",
			"dev": true
		},
		"lodash.groupby": {
			"version": "4.6.0",
			"resolved": "https://registry.npmjs.org/lodash.groupby/-/lodash.groupby-4.6.0.tgz",
			"integrity": "sha1-Cwih3PaDl8OXhVwyOXg4Mt90A9E="
		},
		"lodash.kebabcase": {
			"version": "4.1.1",
			"resolved": "https://registry.npmjs.org/lodash.kebabcase/-/lodash.kebabcase-4.1.1.tgz",
			"integrity": "sha1-hImxyw0p/4gZXM7KRI/21swpXDY="
		},
		"lodash.mapvalues": {
			"version": "4.6.0",
			"resolved": "https://registry.npmjs.org/lodash.mapvalues/-/lodash.mapvalues-4.6.0.tgz",
			"integrity": "sha1-G6+lAF3p3W9PJmaMMMo3IwzJaJw="
		},
		"make-dir": {
			"version": "1.3.0",
			"resolved": "https://registry.npmjs.org/make-dir/-/make-dir-1.3.0.tgz",
			"integrity": "sha512-2w31R7SJtieJJnQtGc7RVL2StM2vGYVfqUOvUDxH6bC6aJTxPxTF0GnIgCyu7tjockiUWAYQRbxa7vKn34s5sQ==",
			"requires": {
				"pify": "^3.0.0"
			}
		},
		"ms": {
			"version": "2.1.1",
			"resolved": "https://registry.npmjs.org/ms/-/ms-2.1.1.tgz",
			"integrity": "sha512-tgp+dl5cGk28utYktBsrFqA7HKgrhgPsg6Z/EfhWI4gl1Hwq8B/GmY/0oXZ6nF8hDVesS/FpnYaD/kOWhYQvyg=="
		},
		"os-tmpdir": {
			"version": "1.0.2",
			"resolved": "http://registry.npmjs.org/os-tmpdir/-/os-tmpdir-1.0.2.tgz",
			"integrity": "sha1-u+Z0BseaqFxc/sdm/lc0VV36EnQ=",
			"dev": true
		},
		"pify": {
			"version": "3.0.0",
			"resolved": "https://registry.npmjs.org/pify/-/pify-3.0.0.tgz",
			"integrity": "sha1-5aSs0sEB/fPZpNB/DbxNtJ3SgXY="
		},
		"process-nextick-args": {
			"version": "2.0.0",
			"resolved": "https://registry.npmjs.org/process-nextick-args/-/process-nextick-args-2.0.0.tgz",
			"integrity": "sha512-MtEC1TqN0EU5nephaJ4rAtThHtC86dNN9qCuEhtshvpVBkAW5ZO7BASN9REnF9eoXGcRub+pFuKEpOHE+HbEMw==",
			"dev": true
		},
		"readable-stream": {
			"version": "2.3.6",
			"resolved": "http://registry.npmjs.org/readable-stream/-/readable-stream-2.3.6.tgz",
			"integrity": "sha512-tQtKA9WIAhBF3+VLAseyMqZeBjW0AHJoxOtYqSUZNJxauErmLbVm2FW1y+J/YA9dUrAC39ITejlZWhVIwawkKw==",
			"dev": true,
			"requires": {
				"core-util-is": "~1.0.0",
				"inherits": "~2.0.3",
				"isarray": "~1.0.0",
				"process-nextick-args": "~2.0.0",
				"safe-buffer": "~5.1.1",
				"string_decoder": "~1.1.1",
				"util-deprecate": "~1.0.1"
			}
		},
		"safe-buffer": {
			"version": "5.1.2",
			"resolved": "https://registry.npmjs.org/safe-buffer/-/safe-buffer-5.1.2.tgz",
			"integrity": "sha512-Gd2UZBJDkXlY7GbJxfsE8/nvKkUEU1G38c1siN6QP6a9PT9MmHB8GnpscSmMJSoF8LOIrt8ud/wPtojys4G6+g==",
			"dev": true
		},
		"signal-exit": {
			"version": "3.0.2",
			"resolved": "https://registry.npmjs.org/signal-exit/-/signal-exit-3.0.2.tgz",
			"integrity": "sha1-tf3AjxKH6hF4Yo5BXiUTK3NkbG0="
		},
		"sort-keys": {
			"version": "2.0.0",
			"resolved": "https://registry.npmjs.org/sort-keys/-/sort-keys-2.0.0.tgz",
			"integrity": "sha1-ZYU1WEhh7JfXMNbPQYIuH1ZoQSg=",
			"requires": {
				"is-plain-obj": "^1.0.0"
			}
		},
		"string-width": {
			"version": "3.0.0",
			"resolved": "https://registry.npmjs.org/string-width/-/string-width-3.0.0.tgz",
			"integrity": "sha512-rr8CUxBbvOZDUvc5lNIJ+OC1nPVpz+Siw9VBtUjB9b6jZehZLFt0JMCZzShFHIsI8cbhm0EsNIfWJMFV3cu3Ew==",
			"requires": {
				"emoji-regex": "^7.0.1",
				"is-fullwidth-code-point": "^2.0.0",
				"strip-ansi": "^5.0.0"
			}
		},
		"string_decoder": {
			"version": "1.1.1",
			"resolved": "http://registry.npmjs.org/string_decoder/-/string_decoder-1.1.1.tgz",
			"integrity": "sha512-n/ShnvDi6FHbbVfviro+WojiFzv+s8MPMHBczVePfUpDJLwoLT0ht1l4YwBCbi8pJAveEEdnkHyPyTP/mzRfwg==",
			"dev": true,
			"requires": {
				"safe-buffer": "~5.1.0"
			}
		},
		"strip-ansi": {
			"version": "5.0.0",
			"resolved": "https://registry.npmjs.org/strip-ansi/-/strip-ansi-5.0.0.tgz",
			"integrity": "sha512-Uu7gQyZI7J7gn5qLn1Np3G9vcYGTVqB+lFTytnDJv83dd8T22aGH451P3jueT2/QemInJDfxHB5Tde5OzgG1Ow==",
			"requires": {
				"ansi-regex": "^4.0.0"
			}
		},
		"tmp": {
			"version": "0.0.33",
			"resolved": "https://registry.npmjs.org/tmp/-/tmp-0.0.33.tgz",
			"integrity": "sha512-jRCJlojKnZ3addtTOjdIqoRuPEKBvNXcGYqzO6zWZX8KfKEpnGY5jfggJQ3EjKuu8D4bJRr0y+cYJFmYbImXGw==",
			"dev": true,
			"requires": {
				"os-tmpdir": "~1.0.2"
			}
		},
		"tmp-promise": {
			"version": "1.0.5",
			"resolved": "https://registry.npmjs.org/tmp-promise/-/tmp-promise-1.0.5.tgz",
			"integrity": "sha512-hOabTz9Tp49wCozFwuJe5ISrOqkECm6kzw66XTP23DuzNU7QS/KiZq5LC9Y7QSy8f1rPSLy4bKaViP0OwGI1cA==",
			"dev": true,
			"requires": {
				"bluebird": "^3.5.0",
				"tmp": "0.0.33"
			}
		},
		"tslib": {
			"version": "1.9.3",
			"resolved": "https://registry.npmjs.org/tslib/-/tslib-1.9.3.tgz",
			"integrity": "sha512-4krF8scpejhaOgqzBEcGM7yDIEfi0/8+8zDRZhNZZ2kjmHJ4hv3zCbQWxoJGz1iw5U0Jl0nma13xzHXcncMavQ=="
		},
		"util-deprecate": {
			"version": "1.0.2",
			"resolved": "https://registry.npmjs.org/util-deprecate/-/util-deprecate-1.0.2.tgz",
			"integrity": "sha1-RQ1Nyfpw3nMnYvvS1KKJgUGaDM8=",
			"dev": true
		},
		"write-file-atomic": {
			"version": "2.3.0",
			"resolved": "https://registry.npmjs.org/write-file-atomic/-/write-file-atomic-2.3.0.tgz",
			"integrity": "sha512-xuPeK4OdjWqtfi59ylvVL0Yn35SF3zgcAcv7rBPFHVaEapaDr4GdGgm3j7ckTwH9wHL7fGmgfAnb0+THrHb8tA==",
			"requires": {
				"graceful-fs": "^4.1.11",
				"imurmurhash": "^0.1.4",
				"signal-exit": "^3.0.2"
			}
		},
		"write-json-file": {
			"version": "2.3.0",
			"resolved": "https://registry.npmjs.org/write-json-file/-/write-json-file-2.3.0.tgz",
			"integrity": "sha1-K2TIozAE1UuGmMdtWFp3zrYdoy8=",
			"requires": {
				"detect-indent": "^5.0.0",
				"graceful-fs": "^4.1.2",
				"make-dir": "^1.0.0",
				"pify": "^3.0.0",
				"sort-keys": "^2.0.0",
				"write-file-atomic": "^2.0.0"
			}
		},
		"write-pkg": {
			"version": "3.2.0",
			"resolved": "https://registry.npmjs.org/write-pkg/-/write-pkg-3.2.0.tgz",
			"integrity": "sha512-tX2ifZ0YqEFOF1wjRW2Pk93NLsj02+n1UP5RvO6rCs0K6R2g1padvf006cY74PQJKMGS2r42NK7FD0dG6Y6paw==",
			"requires": {
				"sort-keys": "^2.0.0",
				"write-json-file": "^2.2.0"
			}
		},
		"yargs-parser": {
			"version": "11.1.1",
			"resolved": "https://registry.npmjs.org/yargs-parser/-/yargs-parser-11.1.1.tgz",
			"integrity": "sha512-C6kB/WJDiaxONLJQnF8ccx9SEeoTTLek8RVbaOIsrAUS8VrBEXfmeSnCZxygc+XC2sNMBIwOOnfcxiynjHsVSQ==",
			"requires": {
				"camelcase": "^5.0.0",
				"decamelize": "^1.2.0"
			}
		}
	}
}
