{
	"name": "@kosko/config",
	"version": "1.0.4",
	"lockfileVersion": 2,
	"requires": true,
	"packages": {
		"": {
			"name": "@kosko/config",
			"version": "1.0.4",
			"license": "MIT",
			"dependencies": {
				"@iarna/toml": "^2.2.5",
				"debug": "^4.3.1",
				"fs-extra": "^9.1.0",
				"superstruct": "^0.14.0",
				"tslib": "^2.1.0",
				"type-fest": "^0.20.2"
			},
			"devDependencies": {
				"@types/debug": "^4.1.5",
				"@types/fs-extra": "^9.0.7"
			},
			"engines": {
				"node": ">=10"
			}
		},
		"node_modules/@iarna/toml": {
			"version": "2.2.5",
			"resolved": "https://registry.npmjs.org/@iarna/toml/-/toml-2.2.5.tgz",
			"integrity": "sha512-trnsAYxU3xnS1gPHPyU961coFyLkh4gAD/0zQ5mymY4yOZ+CYvsPqUbOFSw0aDM4y0tV7tiFxL/1XfXPNC6IPg=="
		},
		"node_modules/@types/debug": {
			"version": "4.1.5",
			"resolved": "https://registry.npmjs.org/@types/debug/-/debug-4.1.5.tgz",
			"integrity": "sha512-Q1y515GcOdTHgagaVFhHnIFQ38ygs/kmxdNpvpou+raI9UO3YZcHDngBSYKQklcKlvA7iuQlmIKbzvmxcOE9CQ==",
			"dev": true
		},
		"node_modules/@types/fs-extra": {
			"version": "9.0.7",
			"resolved": "https://registry.npmjs.org/@types/fs-extra/-/fs-extra-9.0.7.tgz",
			"integrity": "sha512-YGq2A6Yc3bldrLUlm17VNWOnUbnEzJ9CMgOeLFtQF3HOCN5lQBO8VyjG00a5acA5NNSM30kHVGp1trZgnVgi1Q==",
			"dev": true,
			"dependencies": {
				"@types/node": "*"
			}
		},
		"node_modules/@types/node": {
			"version": "14.14.31",
			"resolved": "https://registry.npmjs.org/@types/node/-/node-14.14.31.tgz",
			"integrity": "sha512-vFHy/ezP5qI0rFgJ7aQnjDXwAMrG0KqqIH7tQG5PPv3BWBayOPIQNBjVc/P6hhdZfMx51REc6tfDNXHUio893g==",
			"dev": true
		},
		"node_modules/at-least-node": {
			"version": "1.0.0",
			"resolved": "https://registry.npmjs.org/at-least-node/-/at-least-node-1.0.0.tgz",
			"integrity": "sha512-+q/t7Ekv1EDY2l6Gda6LLiX14rU9TV20Wa3ofeQmwPFZbOMo9DXrLbOjFaaclkXKWidIaopwAObQDqwWtGUjqg==",
			"engines": {
				"node": ">= 4.0.0"
			}
		},
		"node_modules/debug": {
			"version": "4.3.1",
			"resolved": "https://registry.npmjs.org/debug/-/debug-4.3.1.tgz",
			"integrity": "sha512-doEwdvm4PCeK4K3RQN2ZC2BYUBaxwLARCqZmMjtF8a51J2Rb0xpVloFRnCODwqjpwnAoao4pelN8l3RJdv3gRQ==",
			"dependencies": {
				"ms": "2.1.2"
			},
			"engines": {
				"node": ">=6.0"
			}
		},
		"node_modules/fs-extra": {
			"version": "9.1.0",
			"resolved": "https://registry.npmjs.org/fs-extra/-/fs-extra-9.1.0.tgz",
			"integrity": "sha512-hcg3ZmepS30/7BSFqRvoo3DOMQu7IjqxO5nCDt+zM9XWjb33Wg7ziNT+Qvqbuc3+gWpzO02JubVyk2G4Zvo1OQ==",
			"dependencies": {
				"at-least-node": "^1.0.0",
				"graceful-fs": "^4.2.0",
				"jsonfile": "^6.0.1",
				"universalify": "^2.0.0"
			},
			"engines": {
				"node": ">=10"
			}
		},
		"node_modules/graceful-fs": {
			"version": "4.2.6",
			"resolved": "https://registry.npmjs.org/graceful-fs/-/graceful-fs-4.2.6.tgz",
			"integrity": "sha512-nTnJ528pbqxYanhpDYsi4Rd8MAeaBA67+RZ10CM1m3bTAVFEDcd5AuA4a6W5YkGZ1iNXHzZz8T6TBKLeBuNriQ=="
		},
		"node_modules/jsonfile": {
			"version": "6.1.0",
			"resolved": "https://registry.npmjs.org/jsonfile/-/jsonfile-6.1.0.tgz",
			"integrity": "sha512-5dgndWOriYSm5cnYaJNhalLNDKOqFwyDB/rr1E9ZsGciGvKPs8R2xYGCacuf3z6K1YKDz182fd+fY3cn3pMqXQ==",
			"dependencies": {
				"graceful-fs": "^4.1.6",
				"universalify": "^2.0.0"
			},
			"optionalDependencies": {
				"graceful-fs": "^4.1.6"
			}
		},
		"node_modules/ms": {
			"version": "2.1.2",
			"resolved": "https://registry.npmjs.org/ms/-/ms-2.1.2.tgz",
			"integrity": "sha512-sGkPx+VjMtmA6MX27oA4FBFELFCZZ4S4XqeGOXCv68tT+jb3vk/RyaKWP0PTKyWtmLSM0b+adUTEvbs1PEaH2w=="
		},
		"node_modules/superstruct": {
			"version": "0.14.0",
			"resolved": "https://registry.npmjs.org/superstruct/-/superstruct-0.14.0.tgz",
			"integrity": "sha512-ZAbLEckVHuq6Np4Apb4poT90uVw8cCdzg2in7tapumcBOTRWM8ZsBdsQnUIPIZOHRa7Ohfh1YZ0nMvomJHbYig=="
		},
		"node_modules/tslib": {
			"version": "2.1.0",
			"resolved": "https://registry.npmjs.org/tslib/-/tslib-2.1.0.tgz",
			"integrity": "sha512-hcVC3wYEziELGGmEEXue7D75zbwIIVUMWAVbHItGPx0ziyXxrOMQx4rQEVEV45Ut/1IotuEvwqPopzIOkDMf0A=="
		},
		"node_modules/type-fest": {
			"version": "0.20.2",
			"resolved": "https://registry.npmjs.org/type-fest/-/type-fest-0.20.2.tgz",
			"integrity": "sha512-Ne+eE4r0/iWnpAxD852z3A+N0Bt5RN//NjJwRd2VFHEmrywxf5vsZlh4R6lixl6B+wz/8d+maTSAkN1FIkI3LQ==",
			"engines": {
				"node": ">=10"
			}
		},
		"node_modules/universalify": {
			"version": "2.0.0",
			"resolved": "https://registry.npmjs.org/universalify/-/universalify-2.0.0.tgz",
			"integrity": "sha512-hAZsKq7Yy11Zu1DE0OzWjw7nnLZmJZYTDZZyEFHZdUhV8FkH5MCfoU1XMaxXovpyW5nq5scPqq0ZDP9Zyl04oQ==",
			"engines": {
				"node": ">= 10.0.0"
			}
		}
	},
	"dependencies": {
		"@iarna/toml": {
			"version": "2.2.5",
			"resolved": "https://registry.npmjs.org/@iarna/toml/-/toml-2.2.5.tgz",
			"integrity": "sha512-trnsAYxU3xnS1gPHPyU961coFyLkh4gAD/0zQ5mymY4yOZ+CYvsPqUbOFSw0aDM4y0tV7tiFxL/1XfXPNC6IPg=="
		},
		"@types/debug": {
			"version": "4.1.5",
			"resolved": "https://registry.npmjs.org/@types/debug/-/debug-4.1.5.tgz",
			"integrity": "sha512-Q1y515GcOdTHgagaVFhHnIFQ38ygs/kmxdNpvpou+raI9UO3YZcHDngBSYKQklcKlvA7iuQlmIKbzvmxcOE9CQ==",
			"dev": true
		},
		"@types/fs-extra": {
			"version": "9.0.7",
			"resolved": "https://registry.npmjs.org/@types/fs-extra/-/fs-extra-9.0.7.tgz",
			"integrity": "sha512-YGq2A6Yc3bldrLUlm17VNWOnUbnEzJ9CMgOeLFtQF3HOCN5lQBO8VyjG00a5acA5NNSM30kHVGp1trZgnVgi1Q==",
			"dev": true,
			"requires": {
				"@types/node": "*"
			}
		},
		"@types/node": {
			"version": "14.14.31",
			"resolved": "https://registry.npmjs.org/@types/node/-/node-14.14.31.tgz",
			"integrity": "sha512-vFHy/ezP5qI0rFgJ7aQnjDXwAMrG0KqqIH7tQG5PPv3BWBayOPIQNBjVc/P6hhdZfMx51REc6tfDNXHUio893g==",
			"dev": true
		},
		"at-least-node": {
			"version": "1.0.0",
			"resolved": "https://registry.npmjs.org/at-least-node/-/at-least-node-1.0.0.tgz",
			"integrity": "sha512-+q/t7Ekv1EDY2l6Gda6LLiX14rU9TV20Wa3ofeQmwPFZbOMo9DXrLbOjFaaclkXKWidIaopwAObQDqwWtGUjqg=="
		},
		"debug": {
			"version": "4.3.1",
			"resolved": "https://registry.npmjs.org/debug/-/debug-4.3.1.tgz",
			"integrity": "sha512-doEwdvm4PCeK4K3RQN2ZC2BYUBaxwLARCqZmMjtF8a51J2Rb0xpVloFRnCODwqjpwnAoao4pelN8l3RJdv3gRQ==",
			"requires": {
				"ms": "2.1.2"
			}
		},
		"fs-extra": {
			"version": "9.1.0",
			"resolved": "https://registry.npmjs.org/fs-extra/-/fs-extra-9.1.0.tgz",
			"integrity": "sha512-hcg3ZmepS30/7BSFqRvoo3DOMQu7IjqxO5nCDt+zM9XWjb33Wg7ziNT+Qvqbuc3+gWpzO02JubVyk2G4Zvo1OQ==",
			"requires": {
				"at-least-node": "^1.0.0",
				"graceful-fs": "^4.2.0",
				"jsonfile": "^6.0.1",
				"universalify": "^2.0.0"
			}
		},
		"graceful-fs": {
			"version": "4.2.6",
			"resolved": "https://registry.npmjs.org/graceful-fs/-/graceful-fs-4.2.6.tgz",
			"integrity": "sha512-nTnJ528pbqxYanhpDYsi4Rd8MAeaBA67+RZ10CM1m3bTAVFEDcd5AuA4a6W5YkGZ1iNXHzZz8T6TBKLeBuNriQ=="
		},
		"jsonfile": {
			"version": "6.1.0",
			"resolved": "https://registry.npmjs.org/jsonfile/-/jsonfile-6.1.0.tgz",
			"integrity": "sha512-5dgndWOriYSm5cnYaJNhalLNDKOqFwyDB/rr1E9ZsGciGvKPs8R2xYGCacuf3z6K1YKDz182fd+fY3cn3pMqXQ==",
			"requires": {
				"graceful-fs": "^4.1.6",
				"universalify": "^2.0.0"
			}
		},
		"ms": {
			"version": "2.1.2",
			"resolved": "https://registry.npmjs.org/ms/-/ms-2.1.2.tgz",
			"integrity": "sha512-sGkPx+VjMtmA6MX27oA4FBFELFCZZ4S4XqeGOXCv68tT+jb3vk/RyaKWP0PTKyWtmLSM0b+adUTEvbs1PEaH2w=="
		},
		"superstruct": {
			"version": "0.14.0",
			"resolved": "https://registry.npmjs.org/superstruct/-/superstruct-0.14.0.tgz",
			"integrity": "sha512-ZAbLEckVHuq6Np4Apb4poT90uVw8cCdzg2in7tapumcBOTRWM8ZsBdsQnUIPIZOHRa7Ohfh1YZ0nMvomJHbYig=="
		},
		"tslib": {
			"version": "2.1.0",
			"resolved": "https://registry.npmjs.org/tslib/-/tslib-2.1.0.tgz",
			"integrity": "sha512-hcVC3wYEziELGGmEEXue7D75zbwIIVUMWAVbHItGPx0ziyXxrOMQx4rQEVEV45Ut/1IotuEvwqPopzIOkDMf0A=="
		},
		"type-fest": {
			"version": "0.20.2",
			"resolved": "https://registry.npmjs.org/type-fest/-/type-fest-0.20.2.tgz",
			"integrity": "sha512-Ne+eE4r0/iWnpAxD852z3A+N0Bt5RN//NjJwRd2VFHEmrywxf5vsZlh4R6lixl6B+wz/8d+maTSAkN1FIkI3LQ=="
		},
		"universalify": {
			"version": "2.0.0",
			"resolved": "https://registry.npmjs.org/universalify/-/universalify-2.0.0.tgz",
			"integrity": "sha512-hAZsKq7Yy11Zu1DE0OzWjw7nnLZmJZYTDZZyEFHZdUhV8FkH5MCfoU1XMaxXovpyW5nq5scPqq0ZDP9Zyl04oQ=="
		}
	}
}
