{
	"name": "@kosko/config",
	"version": "0.0.1",
	"lockfileVersion": 1,
	"requires": true,
	"dependencies": {
		"@types/ajv": {
			"version": "1.0.0",
			"resolved": "https://registry.npmjs.org/@types/ajv/-/ajv-1.0.0.tgz",
			"integrity": "sha1-T7JEB0Ly9sMOf7B5e4OfxvaWaCo=",
			"dev": true,
			"requires": {
				"ajv": "*"
			}
		},
		"@types/cosmiconfig": {
			"version": "5.0.3",
			"resolved": "https://registry.npmjs.org/@types/cosmiconfig/-/cosmiconfig-5.0.3.tgz",
			"integrity": "sha512-HgTGG7X5y9pLl3pixeo2XtDEFD8rq2EuH+S4mK6teCnAwWMucQl6v1D43hI4Uw1VJh6nu59lxLkqXHRl4uwThA==",
			"dev": true,
			"requires": {
				"@types/node": "*"
			}
		},
		"@types/debug": {
			"version": "0.0.31",
			"resolved": "https://registry.npmjs.org/@types/debug/-/debug-0.0.31.tgz",
			"integrity": "sha512-LS1MCPaQKqspg7FvexuhmDbWUhE2yIJ+4AgVIyObfc06/UKZ8REgxGNjZc82wPLWmbeOm7S+gSsLgo75TanG4A==",
			"dev": true
		},
		"@types/node": {
			"version": "10.12.18",
			"resolved": "https://registry.npmjs.org/@types/node/-/node-10.12.18.tgz",
			"integrity": "sha512-fh+pAqt4xRzPfqA6eh3Z2y6fyZavRIumvjhaCL753+TVkGKGhpPeyrJG2JftD0T9q4GF00KjefsQ+PQNDdWQaQ==",
			"dev": true
		},
		"ajv": {
			"version": "6.6.2",
			"resolved": "https://registry.npmjs.org/ajv/-/ajv-6.6.2.tgz",
			"integrity": "sha512-FBHEW6Jf5TB9MGBgUUA9XHkTbjXYfAUjY43ACMfmdMRHniyoMHjHjzD50OK8LGDWQwp4rWEsIq5kEqq7rvIM1g==",
			"requires": {
				"fast-deep-equal": "^2.0.1",
				"fast-json-stable-stringify": "^2.0.0",
				"json-schema-traverse": "^0.4.1",
				"uri-js": "^4.2.2"
			}
		},
		"argparse": {
			"version": "1.0.10",
			"resolved": "https://registry.npmjs.org/argparse/-/argparse-1.0.10.tgz",
			"integrity": "sha512-o5Roy6tNG4SL/FOkCAN6RzjiakZS25RLYFrcMttJqbdd8BWrnA+fGz57iN5Pb06pvBGvl5gQ0B48dJlslXvoTg==",
			"requires": {
				"sprintf-js": "~1.0.2"
			}
		},
		"caller-callsite": {
			"version": "2.0.0",
			"resolved": "https://registry.npmjs.org/caller-callsite/-/caller-callsite-2.0.0.tgz",
			"integrity": "sha1-hH4PzgoiN1CpoCfFSzNzGtMVQTQ=",
			"requires": {
				"callsites": "^2.0.0"
			}
		},
		"caller-path": {
			"version": "2.0.0",
			"resolved": "https://registry.npmjs.org/caller-path/-/caller-path-2.0.0.tgz",
			"integrity": "sha1-Ro+DBE42mrIBD6xfBs7uFbsssfQ=",
			"requires": {
				"caller-callsite": "^2.0.0"
			}
		},
		"callsites": {
			"version": "2.0.0",
			"resolved": "https://registry.npmjs.org/callsites/-/callsites-2.0.0.tgz",
			"integrity": "sha1-BuuE8A7qQT2oav/vrL/7Ngk7PFA="
		},
		"cosmiconfig": {
			"version": "5.0.7",
			"resolved": "https://registry.npmjs.org/cosmiconfig/-/cosmiconfig-5.0.7.tgz",
			"integrity": "sha512-PcLqxTKiDmNT6pSpy4N6KtuPwb53W+2tzNvwOZw0WH9N6O0vLIBq0x8aj8Oj75ere4YcGi48bDFCL+3fRJdlNA==",
			"requires": {
				"import-fresh": "^2.0.0",
				"is-directory": "^0.3.1",
				"js-yaml": "^3.9.0",
				"parse-json": "^4.0.0"
			}
		},
		"debug": {
			"version": "4.1.1",
			"resolved": "https://registry.npmjs.org/debug/-/debug-4.1.1.tgz",
			"integrity": "sha512-pYAIzeRo8J6KPEaJ0VWOh5Pzkbw/RetuzehGM7QRRX5he4fPHx2rdKMB256ehJCkX+XRQm16eZLqLNS8RSZXZw==",
			"requires": {
				"ms": "^2.1.1"
			}
		},
		"error-ex": {
			"version": "1.3.2",
			"resolved": "https://registry.npmjs.org/error-ex/-/error-ex-1.3.2.tgz",
			"integrity": "sha512-7dFHNmqeFSEt2ZBsCriorKnn3Z2pj+fd9kmI6QoWw4//DL+icEBfc0U7qJCisqrTsKTjw4fNFy2pW9OqStD84g==",
			"requires": {
				"is-arrayish": "^0.2.1"
			}
		},
		"esprima": {
			"version": "4.0.1",
			"resolved": "https://registry.npmjs.org/esprima/-/esprima-4.0.1.tgz",
			"integrity": "sha512-eGuFFw7Upda+g4p+QHvnW0RyTX/SVeJBDM/gCtMARO0cLuT2HcEKnTPvhjV6aGeqrCB/sbNop0Kszm0jsaWU4A=="
		},
		"fast-deep-equal": {
			"version": "2.0.1",
			"resolved": "https://registry.npmjs.org/fast-deep-equal/-/fast-deep-equal-2.0.1.tgz",
			"integrity": "sha1-ewUhjd+WZ79/Nwv3/bLLFf3Qqkk="
		},
		"fast-json-stable-stringify": {
			"version": "2.0.0",
			"resolved": "https://registry.npmjs.org/fast-json-stable-stringify/-/fast-json-stable-stringify-2.0.0.tgz",
			"integrity": "sha1-1RQsDK7msRifh9OnYREGT4bIu/I="
		},
		"import-fresh": {
			"version": "2.0.0",
			"resolved": "https://registry.npmjs.org/import-fresh/-/import-fresh-2.0.0.tgz",
			"integrity": "sha1-2BNVwVYS04bGH53dOSLUMEgipUY=",
			"requires": {
				"caller-path": "^2.0.0",
				"resolve-from": "^3.0.0"
			}
		},
		"is-arrayish": {
			"version": "0.2.1",
			"resolved": "https://registry.npmjs.org/is-arrayish/-/is-arrayish-0.2.1.tgz",
			"integrity": "sha1-d8mYQFJ6qOyxqLppe4BkWnqSap0="
		},
		"is-directory": {
			"version": "0.3.1",
			"resolved": "https://registry.npmjs.org/is-directory/-/is-directory-0.3.1.tgz",
			"integrity": "sha1-YTObbyR1/Hcv2cnYP1yFddwVSuE="
		},
		"js-yaml": {
			"version": "3.12.1",
			"resolved": "https://registry.npmjs.org/js-yaml/-/js-yaml-3.12.1.tgz",
			"integrity": "sha512-um46hB9wNOKlwkHgiuyEVAybXBjwFUV0Z/RaHJblRd9DXltue9FTYvzCr9ErQrK9Adz5MU4gHWVaNUfdmrC8qA==",
			"requires": {
				"argparse": "^1.0.7",
				"esprima": "^4.0.0"
			}
		},
		"json-parse-better-errors": {
			"version": "1.0.2",
			"resolved": "https://registry.npmjs.org/json-parse-better-errors/-/json-parse-better-errors-1.0.2.tgz",
			"integrity": "sha512-mrqyZKfX5EhL7hvqcV6WG1yYjnjeuYDzDhhcAAUrq8Po85NBQBJP+ZDUT75qZQ98IkUoBqdkExkukOU7Ts2wrw=="
		},
		"json-schema-traverse": {
			"version": "0.4.1",
			"resolved": "https://registry.npmjs.org/json-schema-traverse/-/json-schema-traverse-0.4.1.tgz",
			"integrity": "sha512-xbbCH5dCYU5T8LcEhhuh7HJ88HXuW3qsI3Y0zOZFKfZEHcpWiHU/Jxzk629Brsab/mMiHQti9wMP+845RPe3Vg=="
		},
		"ms": {
			"version": "2.1.1",
			"resolved": "https://registry.npmjs.org/ms/-/ms-2.1.1.tgz",
			"integrity": "sha512-tgp+dl5cGk28utYktBsrFqA7HKgrhgPsg6Z/EfhWI4gl1Hwq8B/GmY/0oXZ6nF8hDVesS/FpnYaD/kOWhYQvyg=="
		},
		"parse-json": {
			"version": "4.0.0",
			"resolved": "https://registry.npmjs.org/parse-json/-/parse-json-4.0.0.tgz",
			"integrity": "sha1-vjX1Qlvh9/bHRxhPmKeIy5lHfuA=",
			"requires": {
				"error-ex": "^1.3.1",
				"json-parse-better-errors": "^1.0.1"
			}
		},
		"punycode": {
			"version": "2.1.1",
			"resolved": "https://registry.npmjs.org/punycode/-/punycode-2.1.1.tgz",
			"integrity": "sha512-XRsRjdf+j5ml+y/6GKHPZbrF/8p2Yga0JPtdqTIY2Xe5ohJPD9saDJJLPvp9+NSBprVvevdXZybnj2cv8OEd0A=="
		},
		"resolve-from": {
			"version": "3.0.0",
			"resolved": "https://registry.npmjs.org/resolve-from/-/resolve-from-3.0.0.tgz",
			"integrity": "sha1-six699nWiBvItuZTM17rywoYh0g="
		},
		"sprintf-js": {
			"version": "1.0.3",
			"resolved": "https://registry.npmjs.org/sprintf-js/-/sprintf-js-1.0.3.tgz",
			"integrity": "sha1-BOaSb2YolTVPPdAVIDYzuFcpfiw="
		},
		"tslib": {
			"version": "1.9.3",
			"resolved": "https://registry.npmjs.org/tslib/-/tslib-1.9.3.tgz",
			"integrity": "sha512-4krF8scpejhaOgqzBEcGM7yDIEfi0/8+8zDRZhNZZ2kjmHJ4hv3zCbQWxoJGz1iw5U0Jl0nma13xzHXcncMavQ=="
		},
		"uri-js": {
			"version": "4.2.2",
			"resolved": "https://registry.npmjs.org/uri-js/-/uri-js-4.2.2.tgz",
			"integrity": "sha512-KY9Frmirql91X2Qgjry0Wd4Y+YTdrdZheS8TFwvkbLWf/G5KNJDCh6pKL5OZctEW4+0Baa5idK2ZQuELRwPznQ==",
			"requires": {
				"punycode": "^2.1.0"
			}
		}
	}
}
